
Microsoft Visual Studio Solution File, Format Version 12.00
# Visual Studio 15
VisualStudioVersion = 15.0.28010.2046
MinimumVisualStudioVersion = 10.0.40219.1
Project("{FAE04EC0-301F-11D3-BF4B-00C04F79EFBC}") = "proyecto de prueba", "proyecto de prueba\proyecto de prueba.csproj", "{DDCCBBC3-2734-4E27-95A9-0885034C4075}"
EndProject
Global
	GlobalSection(SolutionConfigurationPlatforms) = preSolution
		Debug|Any CPU = Debug|Any CPU
		Release|Any CPU = Release|Any CPU
	EndGlobalSection
	GlobalSection(ProjectConfigurationPlatforms) = postSolution
		{DDCCBBC3-2734-4E27-95A9-0885034C4075}.Debug|Any CPU.ActiveCfg = Debug|Any CPU
		{DDCCBBC3-2734-4E27-95A9-0885034C4075}.Debug|Any CPU.Build.0 = Debug|Any CPU
		{DDCCBBC3-2734-4E27-95A9-0885034C4075}.Release|Any CPU.ActiveCfg = Release|Any CPU
		{DDCCBBC3-2734-4E27-95A9-0885034C4075}.Release|Any CPU.Build.0 = Release|Any CPU
	EndGlobalSection
	GlobalSection(SolutionProperties) = preSolution
		HideSolutionNode = FALSE
	EndGlobalSection
	GlobalSection(ExtensibilityGlobals) = postSolution
		SolutionGuid = {D654D17E-EAF4-4888-9DAB-B4508D632C65}
	EndGlobalSection
EndGlobal
